
Microsoft Visual Studio Solution File, Format Version 12.00
# Visual Studio Version 17
VisualStudioVersion = 17.4.33103.184
MinimumVisualStudioVersion = 10.0.40219.1
Project("{9A19103F-16F7-4668-BE54-9A1E7A4F7556}") = "Observer", "Observer\Observer.csproj", "{02059797-A967-4F86-AD30-71F8371554D0}"
EndProject
Project("{9A19103F-16F7-4668-BE54-9A1E7A4F7556}") = "Command", "Command\Command.csproj", "{32D98291-0C08-4D66-BCB7-65FDE87F8AF3}"
EndProject
Global
	GlobalSection(SolutionConfigurationPlatforms) = preSolution
		Debug|Any CPU = Debug|Any CPU
		Release|Any CPU = Release|Any CPU
	EndGlobalSection
	GlobalSection(ProjectConfigurationPlatforms) = postSolution
		{02059797-A967-4F86-AD30-71F8371554D0}.Debug|Any CPU.ActiveCfg = Debug|Any CPU
		{02059797-A967-4F86-AD30-71F8371554D0}.Debug|Any CPU.Build.0 = Debug|Any CPU
		{02059797-A967-4F86-AD30-71F8371554D0}.Release|Any CPU.ActiveCfg = Release|Any CPU
		{02059797-A967-4F86-AD30-71F8371554D0}.Release|Any CPU.Build.0 = Release|Any CPU
		{32D98291-0C08-4D66-BCB7-65FDE87F8AF3}.Debug|Any CPU.ActiveCfg = Debug|Any CPU
		{32D98291-0C08-4D66-BCB7-65FDE87F8AF3}.Debug|Any CPU.Build.0 = Debug|Any CPU
		{32D98291-0C08-4D66-BCB7-65FDE87F8AF3}.Release|Any CPU.ActiveCfg = Release|Any CPU
		{32D98291-0C08-4D66-BCB7-65FDE87F8AF3}.Release|Any CPU.Build.0 = Release|Any CPU
	EndGlobalSection
	GlobalSection(SolutionProperties) = preSolution
		HideSolutionNode = FALSE
	EndGlobalSection
	GlobalSection(ExtensibilityGlobals) = postSolution
		SolutionGuid = {62C22133-4239-4E7B-AC28-E256323CA034}
	EndGlobalSection
EndGlobal
